{
  "name": "react-native-country-picker-modal",
  "version": "0.8.0",
  "lockfileVersion": 1,
  "requires": true,
  "dependencies": {
    "country-region-data": {
      "version": "1.5.0",
      "resolved": "https://registry.npmjs.org/country-region-data/-/country-region-data-1.5.0.tgz",
      "integrity": "sha512-rA7Vk6lrSP4Vdo4s6Qs/oHgdxlY0wextKcIzeVgESo/P55d211LAwPbWtZs45gd/iiq70SRj2iJRAaYrvj8CoQ=="
    }
  }
}
